
Microsoft Visual Studio Solution File, Format Version 12.00
# Visual Studio Version 17
VisualStudioVersion = 17.2.32602.215
MinimumVisualStudioVersion = 10.0.40219.1
Project("{FAE04EC0-301F-11D3-BF4B-00C04F79EFBC}") = "CoreLibrary", "CoreLibrary\CoreLibrary.csproj", "{B75B9DC9-137A-4F51-BA96-C76CF6A9AB1A}"
EndProject
Project("{FAE04EC0-301F-11D3-BF4B-00C04F79EFBC}") = "DemoLibrary.Test", "DemoLibrary.Test\DemoLibrary.Test.csproj", "{5D2FDE25-026F-437A-BBF3-FF179E21FAC1}"
EndProject
Global
	GlobalSection(SolutionConfigurationPlatforms) = preSolution
		Debug|Any CPU = Debug|Any CPU
		Release|Any CPU = Release|Any CPU
	EndGlobalSection
	GlobalSection(ProjectConfigurationPlatforms) = postSolution
		{B75B9DC9-137A-4F51-BA96-C76CF6A9AB1A}.Debug|Any CPU.ActiveCfg = Debug|Any CPU
		{B75B9DC9-137A-4F51-BA96-C76CF6A9AB1A}.Debug|Any CPU.Build.0 = Debug|Any CPU
		{B75B9DC9-137A-4F51-BA96-C76CF6A9AB1A}.Release|Any CPU.ActiveCfg = Release|Any CPU
		{B75B9DC9-137A-4F51-BA96-C76CF6A9AB1A}.Release|Any CPU.Build.0 = Release|Any CPU
		{5D2FDE25-026F-437A-BBF3-FF179E21FAC1}.Debug|Any CPU.ActiveCfg = Debug|Any CPU
		{5D2FDE25-026F-437A-BBF3-FF179E21FAC1}.Debug|Any CPU.Build.0 = Debug|Any CPU
		{5D2FDE25-026F-437A-BBF3-FF179E21FAC1}.Release|Any CPU.ActiveCfg = Release|Any CPU
		{5D2FDE25-026F-437A-BBF3-FF179E21FAC1}.Release|Any CPU.Build.0 = Release|Any CPU
	EndGlobalSection
	GlobalSection(SolutionProperties) = preSolution
		HideSolutionNode = FALSE
	EndGlobalSection
	GlobalSection(ExtensibilityGlobals) = postSolution
		SolutionGuid = {774EE82E-951A-487B-A9BD-47F50CD5EB91}
	EndGlobalSection
EndGlobal
